<?xml version="1.0" encoding="utf-8"?>
<Project ToolsVersion="4.0" xmlns="http://schemas.microsoft.com/developer/msbuild/2003">
  <ItemGroup>
    <Filter Include="Source Files">
      <UniqueIdentifier>{4FC737F1-C7A5-4376-A066-2A32D752A2FF}</UniqueIdentifier>
      <Extensions>cpp;c;cc;cxx;c++;cppm;ixx;def;odl;idl;hpj;bat;asm;asmx</Extensions>
    </Filter>
    <Filter Include="Header Files">
      <UniqueIdentifier>{93995380-89BD-4b04-88EB-625FBE52EBFB}</UniqueIdentifier>
      <Extensions>h;hh;hpp;hxx;h++;hm;inl;inc;ipp;xsd</Extensions>
    </Filter>
    <Filter Include="Resource Files">
      <UniqueIdentifier>{67DA6AB6-F800-4c08-8B7A-83BB121AAD01}</UniqueIdentifier>
      <Extensions>rc;ico;cur;bmp;dlg;rc2;rct;bin;rgs;gif;jpg;jpeg;jpe;resx;tiff;tif;png;wav;mfcribbon-ms</Extensions>
    </Filter>
    <Filter Include="Header Files\Shaders">
      <UniqueIdentifier>{fdcd9b0d-f26a-4f51-bb42-ae5a0f86c8a3}</UniqueIdentifier>
    </Filter>
    <Filter Include="Shaders">
      <UniqueIdentifier>{4f69c3de-0406-4c20-bb49-5424959cb816}</UniqueIdentifier>
    </Filter>
    <Filter Include="Header Files\Textures">
      <UniqueIdentifier>{d8eef92e-b61b-455f-849b-5fdba179b43f}</UniqueIdentifier>
    </Filter>
    <Filter Include="Assets">
      <UniqueIdentifier>{e83b92ab-daa2-4349-9a53-a4087866234a}</UniqueIdentifier>
    </Filter>
    <Filter Include="Assets\Textures">
      <UniqueIdentifier>{fe504d39-3fe6-4ea5-817d-0d5ad8e0d5ea}</UniqueIdentifier>
    </Filter>
    <Filter Include="Header Files\GameObject">
      <UniqueIdentifier>{6fc2ee56-9791-4f63-919b-01b5d31d60d8}</UniqueIdentifier>
    </Filter>
    <Filter Include="Header Files\Mesh">
      <UniqueIdentifier>{2a2cddac-3f72-435e-83c9-5a213bb37848}</UniqueIdentifier>
    </Filter>
    <Filter Include="Header Files\Transform">
      <UniqueIdentifier>{85ea24d6-8874-431d-9dfb-b739ec61ea9c}</UniqueIdentifier>
    </Filter>
    <Filter Include="Header Files\Camera">
      <UniqueIdentifier>{df46f227-efb9-4f4b-ac1f-b576c5ab21a9}</UniqueIdentifier>
    </Filter>
    <Filter Include="Header Files\Emitter">
      <UniqueIdentifier>{133a8af5-3c4b-4139-b806-e270b8bd8942}</UniqueIdentifier>
    </Filter>
    <Filter Include="Assets\Meshes">
      <UniqueIdentifier>{f85a1b5d-10df-491c-a4c4-21a835ed5b61}</UniqueIdentifier>
    </Filter>
    <Filter Include="Header Files\TerrainGenerator">
      <UniqueIdentifier>{78e94c4d-78ea-4421-bfff-645cc59e589d}</UniqueIdentifier>
    </Filter>
    <Filter Include="Header Files\TerrainGenerator\Noise">
      <UniqueIdentifier>{b9963a6e-4f8a-4458-972f-3b8e05d5eba7}</UniqueIdentifier>
    </Filter>
  </ItemGroup>
  <ItemGroup>
    <ClCompile Include="Source.cpp">
      <Filter>Source Files</Filter>
    </ClCompile>
    <ClCompile Include="BoxData.h">
      <Filter>Assets\Meshes</Filter>
    </ClCompile>
  </ItemGroup>
  <ItemGroup>
    <ClInclude Include="Callbacks.h">
      <Filter>Header Files</Filter>
    </ClInclude>
    <ClInclude Include="UtilityFunctions.h">
      <Filter>Header Files</Filter>
    </ClInclude>
    <ClInclude Include="Shader.h">
      <Filter>Header Files\Shaders</Filter>
    </ClInclude>
    <ClInclude Include="Texture.h">
      <Filter>Header Files\Textures</Filter>
    </ClInclude>
    <ClInclude Include="GameObject.h">
      <Filter>Header Files\GameObject</Filter>
    </ClInclude>
    <ClInclude Include="Mesh.h">
      <Filter>Header Files\Mesh</Filter>
    </ClInclude>
    <ClInclude Include="Transform.h">
      <Filter>Header Files\Transform</Filter>
    </ClInclude>
    <ClInclude Include="Camera.h">
      <Filter>Header Files\Camera</Filter>
    </ClInclude>
    <ClInclude Include="Vertex.h">
      <Filter>Header Files\Mesh</Filter>
    </ClInclude>
    <ClInclude Include="Model.h">
      <Filter>Header Files\Mesh</Filter>
    </ClInclude>
    <ClInclude Include="Emitter.h">
      <Filter>Header Files\Emitter</Filter>
    </ClInclude>
    <ClInclude Include="Material.h">
      <Filter>Header Files\Emitter</Filter>
    </ClInclude>
    <ClInclude Include="Light.h">
      <Filter>Header Files\Emitter</Filter>
    </ClInclude>
    <ClInclude Include="MeshData.h">
      <Filter>Assets\Meshes</Filter>
    </ClInclude>
    <ClInclude Include="TerrainGenerator.h">
      <Filter>Header Files\TerrainGenerator</Filter>
    </ClInclude>
    <ClInclude Include="PerlinNoise.h">
      <Filter>Header Files\TerrainGenerator\Noise</Filter>
    </ClInclude>
    <ClInclude Include="GrassData.h">
      <Filter>Assets\Meshes</Filter>
    </ClInclude>
    <ClInclude Include="grassGenerator.h">
      <Filter>Header Files\TerrainGenerator</Filter>
    </ClInclude>
  </ItemGroup>
  <ItemGroup>
    <None Include="vshader.glsl">
      <Filter>Shaders</Filter>
    </None>
    <None Include="fshader.glsl">
      <Filter>Shaders</Filter>
    </None>
    <None Include="flatColorFrag.glsl">
      <Filter>Shaders</Filter>
    </None>
    <None Include="grassVShader.glsl">
      <Filter>Shaders</Filter>
    </None>
    <None Include="grassFShader.glsl">
      <Filter>Shaders</Filter>
    </None>
  </ItemGroup>
  <ItemGroup>
    <Image Include="container.jpg">
      <Filter>Assets\Textures</Filter>
    </Image>
    <Image Include="swqusre_black.jpg">
      <Filter>Assets\Textures</Filter>
    </Image>
    <Image Include="swqusre_white.jpg">
      <Filter>Assets\Textures</Filter>
    </Image>
  </ItemGroup>
</Project>